
Microsoft Visual Studio Solution File, Format Version 12.00
# Visual Studio Version 16
VisualStudioVersion = 16.0.31624.102
MinimumVisualStudioVersion = 10.0.40219.1
Project("{8BC9CEB8-8B4A-11D0-8D11-00A0C91BC942}") = "Project", "Project\Project.vcxproj", "{8BCB83CF-A3BC-4B60-B467-EE363147AE6D}"
EndProject
Global
	GlobalSection(SolutionConfigurationPlatforms) = preSolution
		Debug|x64 = Debug|x64
		Debug|x86 = Debug|x86
		Release|x64 = Release|x64
		Release|x86 = Release|x86
	EndGlobalSection
	GlobalSection(ProjectConfigurationPlatforms) = postSolution
		{8BCB83CF-A3BC-4B60-B467-EE363147AE6D}.Debug|x64.ActiveCfg = Debug|x64
		{8BCB83CF-A3BC-4B60-B467-EE363147AE6D}.Debug|x64.Build.0 = Debug|x64
		{8BCB83CF-A3BC-4B60-B467-EE363147AE6D}.Debug|x86.ActiveCfg = Debug|Win32
		{8BCB83CF-A3BC-4B60-B467-EE363147AE6D}.Debug|x86.Build.0 = Debug|Win32
		{8BCB83CF-A3BC-4B60-B467-EE363147AE6D}.Release|x64.ActiveCfg = Release|x64
		{8BCB83CF-A3BC-4B60-B467-EE363147AE6D}.Release|x64.Build.0 = Release|x64
		{8BCB83CF-A3BC-4B60-B467-EE363147AE6D}.Release|x86.ActiveCfg = Release|Win32
		{8BCB83CF-A3BC-4B60-B467-EE363147AE6D}.Release|x86.Build.0 = Release|Win32
	EndGlobalSection
	GlobalSection(SolutionProperties) = preSolution
		HideSolutionNode = FALSE
	EndGlobalSection
	GlobalSection(ExtensibilityGlobals) = postSolution
		SolutionGuid = {0755DBB2-4948-43FD-AC45-7B0FC161616B}
	EndGlobalSection
EndGlobal
